
Microsoft Visual Studio Solution File, Format Version 11.00
# Visual Studio 2010
Project("{FAE04EC0-301F-11D3-BF4B-00C04F79EFBC}") = "printing_tables", "printing_tables\printing_tables.csproj", "{CB980100-6105-4989-B9F2-E6F10D582835}"
EndProject
Global
	GlobalSection(SolutionConfigurationPlatforms) = preSolution
		Debug|x86 = Debug|x86
		Release|x86 = Release|x86
	EndGlobalSection
	GlobalSection(ProjectConfigurationPlatforms) = postSolution
		{CB980100-6105-4989-B9F2-E6F10D582835}.Debug|x86.ActiveCfg = Debug|x86
		{CB980100-6105-4989-B9F2-E6F10D582835}.Debug|x86.Build.0 = Debug|x86
		{CB980100-6105-4989-B9F2-E6F10D582835}.Release|x86.ActiveCfg = Release|x86
		{CB980100-6105-4989-B9F2-E6F10D582835}.Release|x86.Build.0 = Release|x86
	EndGlobalSection
	GlobalSection(SolutionProperties) = preSolution
		HideSolutionNode = FALSE
	EndGlobalSection
EndGlobal
