
Microsoft Visual Studio Solution File, Format Version 11.00
# Visual Studio 2010
Project("{FAE04EC0-301F-11D3-BF4B-00C04F79EFBC}") = "swapnumbers", "swapnumbers\swapnumbers.csproj", "{F7C82434-C3D8-418F-85E5-A5737B818B17}"
EndProject
Global
	GlobalSection(SolutionConfigurationPlatforms) = preSolution
		Debug|x86 = Debug|x86
		Release|x86 = Release|x86
	EndGlobalSection
	GlobalSection(ProjectConfigurationPlatforms) = postSolution
		{F7C82434-C3D8-418F-85E5-A5737B818B17}.Debug|x86.ActiveCfg = Debug|x86
		{F7C82434-C3D8-418F-85E5-A5737B818B17}.Debug|x86.Build.0 = Debug|x86
		{F7C82434-C3D8-418F-85E5-A5737B818B17}.Release|x86.ActiveCfg = Release|x86
		{F7C82434-C3D8-418F-85E5-A5737B818B17}.Release|x86.Build.0 = Release|x86
	EndGlobalSection
	GlobalSection(SolutionProperties) = preSolution
		HideSolutionNode = FALSE
	EndGlobalSection
EndGlobal
